
Microsoft Visual Studio Solution File, Format Version 12.00
# Visual Studio 15
VisualStudioVersion = 15.0.27130.2020
MinimumVisualStudioVersion = 10.0.40219.1
Project("{FAE04EC0-301F-11D3-BF4B-00C04F79EFBC}") = "ApiTest", "ApiTest\ApiTest.csproj", "{1247330D-29A6-402F-8F58-1836996490E4}"
EndProject
Global
	GlobalSection(SolutionConfigurationPlatforms) = preSolution
		Debug|Any CPU = Debug|Any CPU
		Release|Any CPU = Release|Any CPU
	EndGlobalSection
	GlobalSection(ProjectConfigurationPlatforms) = postSolution
		{1247330D-29A6-402F-8F58-1836996490E4}.Debug|Any CPU.ActiveCfg = Debug|Any CPU
		{1247330D-29A6-402F-8F58-1836996490E4}.Debug|Any CPU.Build.0 = Debug|Any CPU
		{1247330D-29A6-402F-8F58-1836996490E4}.Release|Any CPU.ActiveCfg = Release|Any CPU
		{1247330D-29A6-402F-8F58-1836996490E4}.Release|Any CPU.Build.0 = Release|Any CPU
	EndGlobalSection
	GlobalSection(SolutionProperties) = preSolution
		HideSolutionNode = FALSE
	EndGlobalSection
	GlobalSection(ExtensibilityGlobals) = postSolution
		SolutionGuid = {982E193B-3BE7-4D06-8F7E-3E08EF809D24}
	EndGlobalSection
EndGlobal
